
Microsoft Visual Studio Solution File, Format Version 12.00
# Visual Studio 15
VisualStudioVersion = 15.0.28010.2016
MinimumVisualStudioVersion = 10.0.40219.1
Project("{FAE04EC0-301F-11D3-BF4B-00C04F79EFBC}") = "API_PAYMENT", "API_PAYMENT\API_PAYMENT.csproj", "{ACE876B9-8FDE-4025-A6A9-E820C1CC936A}"
EndProject
Project("{FAE04EC0-301F-11D3-BF4B-00C04F79EFBC}") = "BrivaTerminal", "C:\Users\Administrator\source\repos\BrivaTerminal\BrivaTerminal\BrivaTerminal.csproj", "{6D10729F-4013-46F7-8D04-D2A7B780C58C}"
EndProject
Global
	GlobalSection(SolutionConfigurationPlatforms) = preSolution
		Debug|Any CPU = Debug|Any CPU
		Release|Any CPU = Release|Any CPU
	EndGlobalSection
	GlobalSection(ProjectConfigurationPlatforms) = postSolution
		{ACE876B9-8FDE-4025-A6A9-E820C1CC936A}.Debug|Any CPU.ActiveCfg = Debug|Any CPU
		{ACE876B9-8FDE-4025-A6A9-E820C1CC936A}.Debug|Any CPU.Build.0 = Debug|Any CPU
		{ACE876B9-8FDE-4025-A6A9-E820C1CC936A}.Release|Any CPU.ActiveCfg = Release|Any CPU
		{ACE876B9-8FDE-4025-A6A9-E820C1CC936A}.Release|Any CPU.Build.0 = Release|Any CPU
		{6D10729F-4013-46F7-8D04-D2A7B780C58C}.Debug|Any CPU.ActiveCfg = Debug|Any CPU
		{6D10729F-4013-46F7-8D04-D2A7B780C58C}.Debug|Any CPU.Build.0 = Debug|Any CPU
		{6D10729F-4013-46F7-8D04-D2A7B780C58C}.Release|Any CPU.ActiveCfg = Release|Any CPU
		{6D10729F-4013-46F7-8D04-D2A7B780C58C}.Release|Any CPU.Build.0 = Release|Any CPU
	EndGlobalSection
	GlobalSection(SolutionProperties) = preSolution
		HideSolutionNode = FALSE
	EndGlobalSection
	GlobalSection(ExtensibilityGlobals) = postSolution
		SolutionGuid = {8E08D291-E9DC-460B-AFCE-650A3E831DF1}
	EndGlobalSection
EndGlobal
